// !$*UTF8*$!
{
	archiveVersion = 1;
	classes = {
	};
	objectVersion = 55;
	objects = {

/* Begin PBXBuildFile section */
		134AB56D28CF723E00535583 /* onBoardingProjectApp.swift in Sources */ = {isa = PBXBuildFile; fileRef = 134AB56C28CF723E00535583 /* onBoardingProjectApp.swift */; };
		134AB56F28CF723E00535583 /* HomeView.swift in Sources */ = {isa = PBXBuildFile; fileRef = 134AB56E28CF723E00535583 /* HomeView.swift */; };
		134AB57128CF724000535583 /* Assets.xcassets in Resources */ = {isa = PBXBuildFile; fileRef = 134AB57028CF724000535583 /* Assets.xcassets */; };
		134AB57428CF724000535583 /* Preview Assets.xcassets in Resources */ = {isa = PBXBuildFile; fileRef = 134AB57328CF724000535583 /* Preview Assets.xcassets */; };
		134AB57E28CF724100535583 /* onBoardingProjectTests.swift in Sources */ = {isa = PBXBuildFile; fileRef = 134AB57D28CF724100535583 /* onBoardingProjectTests.swift */; };
		134AB58828CF724100535583 /* onBoardingProjectUITests.swift in Sources */ = {isa = PBXBuildFile; fileRef = 134AB58728CF724100535583 /* onBoardingProjectUITests.swift */; };
		134AB58A28CF724100535583 /* onBoardingProjectUITestsLaunchTests.swift in Sources */ = {isa = PBXBuildFile; fileRef = 134AB58928CF724100535583 /* onBoardingProjectUITestsLaunchTests.swift */; };
		1393B12528CF80830088066D /* OnboardingView.swift in Sources */ = {isa = PBXBuildFile; fileRef = 1393B12428CF80830088066D /* OnboardingView.swift */; };
		1393B12728CF821B0088066D /* OnboardingInfoView.swift in Sources */ = {isa = PBXBuildFile; fileRef = 1393B12628CF821B0088066D /* OnboardingInfoView.swift */; };
		1393B12928CF89440088066D /* OnboardingManager.swift in Sources */ = {isa = PBXBuildFile; fileRef = 1393B12828CF89440088066D /* OnboardingManager.swift */; };
/* End PBXBuildFile section */

/* Begin PBXContainerItemProxy section */
		134AB57A28CF724100535583 /* PBXContainerItemProxy */ = {
			isa = PBXContainerItemProxy;
			containerPortal = 134AB56128CF723E00535583 /* Project object */;
			proxyType = 1;
			remoteGlobalIDString = 134AB56828CF723E00535583;
			remoteInfo = onBoardingProject;
		};
		134AB58428CF724100535583 /* PBXContainerItemProxy */ = {
			isa = PBXContainerItemProxy;
			containerPortal = 134AB56128CF723E00535583 /* Project object */;
			proxyType = 1;
			remoteGlobalIDString = 134AB56828CF723E00535583;
			remoteInfo = onBoardingProject;
		};
/* End PBXContainerItemProxy section */

/* Begin PBXFileReference section */
		134AB56928CF723E00535583 /* onBoardingProject.app */ = {isa = PBXFileReference; explicitFileType = wrapper.application; includeInIndex = 0; path = onBoardingProject.app; sourceTree = BUILT_PRODUCTS_DIR; };
		134AB56C28CF723E00535583 /* onBoardingProjectApp.swift */ = {isa = PBXFileReference; lastKnownFileType = sourcecode.swift; path = onBoardingProjectApp.swift; sourceTree = "<group>"; };
		134AB56E28CF723E00535583 /* HomeView.swift */ = {isa = PBXFileReference; lastKnownFileType = sourcecode.swift; path = HomeView.swift; sourceTree = "<group>"; };
		134AB57028CF724000535583 /* Assets.xcassets */ = {isa = PBXFileReference; lastKnownFileType = folder.assetcatalog; path = Assets.xcassets; sourceTree = "<group>"; };
		134AB57328CF724000535583 /* Preview Assets.xcassets */ = {isa = PBXFileReference; lastKnownFileType = folder.assetcatalog; path = "Preview Assets.xcassets"; sourceTree = "<group>"; };
		134AB57928CF724100535583 /* onBoardingProjectTests.xctest */ = {isa = PBXFileReference; explicitFileType = wrapper.cfbundle; includeInIndex = 0; path = onBoardingProjectTests.xctest; sourceTree = BUILT_PRODUCTS_DIR; };
		134AB57D28CF724100535583 /* onBoardingProjectTests.swift */ = {isa = PBXFileReference; lastKnownFileType = sourcecode.swift; path = onBoardingProjectTests.swift; sourceTree = "<group>"; };
		134AB58328CF724100535583 /* onBoardingProjectUITests.xctest */ = {isa = PBXFileReference; explicitFileType = wrapper.cfbundle; includeInIndex = 0; path = onBoardingProjectUITests.xctest; sourceTree = BUILT_PRODUCTS_DIR; };
		134AB58728CF724100535583 /* onBoardingProjectUITests.swift */ = {isa = PBXFileReference; lastKnownFileType = sourcecode.swift; path = onBoardingProjectUITests.swift; sourceTree = "<group>"; };
		134AB58928CF724100535583 /* onBoardingProjectUITestsLaunchTests.swift */ = {isa = PBXFileReference; lastKnownFileType = sourcecode.swift; path = onBoardingProjectUITestsLaunchTests.swift; sourceTree = "<group>"; };
		1393B12428CF80830088066D /* OnboardingView.swift */ = {isa = PBXFileReference; lastKnownFileType = sourcecode.swift; path = OnboardingView.swift; sourceTree = "<group>"; };
		1393B12628CF821B0088066D /* OnboardingInfoView.swift */ = {isa = PBXFileReference; lastKnownFileType = sourcecode.swift; path = OnboardingInfoView.swift; sourceTree = "<group>"; };
		1393B12828CF89440088066D /* OnboardingManager.swift */ = {isa = PBXFileReference; lastKnownFileType = sourcecode.swift; path = OnboardingManager.swift; sourceTree = "<group>"; };
/* End PBXFileReference section */

/* Begin PBXFrameworksBuildPhase section */
		134AB56628CF723E00535583 /* Frameworks */ = {
			isa = PBXFrameworksBuildPhase;
			buildActionMask = 2147483647;
			files = (
			);
			runOnlyForDeploymentPostprocessing = 0;
		};
		134AB57628CF724100535583 /* Frameworks */ = {
			isa = PBXFrameworksBuildPhase;
			buildActionMask = 2147483647;
			files = (
			);
			runOnlyForDeploymentPostprocessing = 0;
		};
		134AB58028CF724100535583 /* Frameworks */ = {
			isa = PBXFrameworksBuildPhase;
			buildActionMask = 2147483647;
			files = (
			);
			runOnlyForDeploymentPostprocessing = 0;
		};
/* End PBXFrameworksBuildPhase section */

/* Begin PBXGroup section */
		134AB56028CF723E00535583 = {
			isa = PBXGroup;
			children = (
				134AB56B28CF723E00535583 /* onBoardingProject */,
				134AB57C28CF724100535583 /* onBoardingProjectTests */,
				134AB58628CF724100535583 /* onBoardingProjectUITests */,
				134AB56A28CF723E00535583 /* Products */,
			);
			sourceTree = "<group>";
		};
		134AB56A28CF723E00535583 /* Products */ = {
			isa = PBXGroup;
			children = (
				134AB56928CF723E00535583 /* onBoardingProject.app */,
				134AB57928CF724100535583 /* onBoardingProjectTests.xctest */,
				134AB58328CF724100535583 /* onBoardingProjectUITests.xctest */,
			);
			name = Products;
			sourceTree = "<group>";
		};
		134AB56B28CF723E00535583 /* onBoardingProject */ = {
			isa = PBXGroup;
			children = (
				134AB56C28CF723E00535583 /* onBoardingProjectApp.swift */,
				1393B12828CF89440088066D /* OnboardingManager.swift */,
				1393B12628CF821B0088066D /* OnboardingInfoView.swift */,
				1393B12428CF80830088066D /* OnboardingView.swift */,
				134AB56E28CF723E00535583 /* HomeView.swift */,
				134AB57028CF724000535583 /* Assets.xcassets */,
				134AB57228CF724000535583 /* Preview Content */,
			);
			path = onBoardingProject;
			sourceTree = "<group>";
		};
		134AB57228CF724000535583 /* Preview Content */ = {
			isa = PBXGroup;
			children = (
				134AB57328CF724000535583 /* Preview Assets.xcassets */,
			);
			path = "Preview Content";
			sourceTree = "<group>";
		};
		134AB57C28CF724100535583 /* onBoardingProjectTests */ = {
			isa = PBXGroup;
			children = (
				134AB57D28CF724100535583 /* onBoardingProjectTests.swift */,
			);
			path = onBoardingProjectTests;
			sourceTree = "<group>";
		};
		134AB58628CF724100535583 /* onBoardingProjectUITests */ = {
			isa = PBXGroup;
			children = (
				134AB58728CF724100535583 /* onBoardingProjectUITests.swift */,
				134AB58928CF724100535583 /* onBoardingProjectUITestsLaunchTests.swift */,
			);
			path = onBoardingProjectUITests;
			sourceTree = "<group>";
		};
/* End PBXGroup section */

/* Begin PBXNativeTarget section */
		134AB56828CF723E00535583 /* onBoardingProject */ = {
			isa = PBXNativeTarget;
			buildConfigurationList = 134AB58D28CF724100535583 /* Build configuration list for PBXNativeTarget "onBoardingProject" */;
			buildPhases = (
				134AB56528CF723E00535583 /* Sources */,
				134AB56628CF723E00535583 /* Frameworks */,
				134AB56728CF723E00535583 /* Resources */,
			);
			buildRules = (
			);
			dependencies = (
			);
			name = onBoardingProject;
			productName = onBoardingProject;
			productReference = 134AB56928CF723E00535583 /* onBoardingProject.app */;
			productType = "com.apple.product-type.application";
		};
		134AB57828CF724100535583 /* onBoardingProjectTests */ = {
			isa = PBXNativeTarget;
			buildConfigurationList = 134AB59028CF724100535583 /* Build configuration list for PBXNativeTarget "onBoardingProjectTests" */;
			buildPhases = (
				134AB57528CF724100535583 /* Sources */,
				134AB57628CF724100535583 /* Frameworks */,
				134AB57728CF724100535583 /* Resources */,
			);
			buildRules = (
			);
			dependencies = (
				134AB57B28CF724100535583 /* PBXTargetDependency */,
			);
			name = onBoardingProjectTests;
			productName = onBoardingProjectTests;
			productReference = 134AB57928CF724100535583 /* onBoardingProjectTests.xctest */;
			productType = "com.apple.product-type.bundle.unit-test";
		};
		134AB58228CF724100535583 /* onBoardingProjectUITests */ = {
			isa = PBXNativeTarget;
			buildConfigurationList = 134AB59328CF724100535583 /* Build configuration list for PBXNativeTarget "onBoardingProjectUITests" */;
			buildPhases = (
				134AB57F28CF724100535583 /* Sources */,
				134AB58028CF724100535583 /* Frameworks */,
				134AB58128CF724100535583 /* Resources */,
			);
			buildRules = (
			);
			dependencies = (
				134AB58528CF724100535583 /* PBXTargetDependency */,
			);
			name = onBoardingProjectUITests;
			productName = onBoardingProjectUITests;
			productReference = 134AB58328CF724100535583 /* onBoardingProjectUITests.xctest */;
			productType = "com.apple.product-type.bundle.ui-testing";
		};
/* End PBXNativeTarget section */

/* Begin PBXProject section */
		134AB56128CF723E00535583 /* Project object */ = {
			isa = PBXProject;
			attributes = {
				BuildIndependentTargetsInParallel = 1;
				LastSwiftUpdateCheck = 1310;
				LastUpgradeCheck = 1310;
				TargetAttributes = {
					134AB56828CF723E00535583 = {
						CreatedOnToolsVersion = 13.1;
					};
					134AB57828CF724100535583 = {
						CreatedOnToolsVersion = 13.1;
						TestTargetID = 134AB56828CF723E00535583;
					};
					134AB58228CF724100535583 = {
						CreatedOnToolsVersion = 13.1;
						TestTargetID = 134AB56828CF723E00535583;
					};
				};
			};
			buildConfigurationList = 134AB56428CF723E00535583 /* Build configuration list for PBXProject "onBoardingProject" */;
			compatibilityVersion = "Xcode 13.0";
			developmentRegion = en;
			hasScannedForEncodings = 0;
			knownRegions = (
				en,
				Base,
			);
			mainGroup = 134AB56028CF723E00535583;
			productRefGroup = 134AB56A28CF723E00535583 /* Products */;
			projectDirPath = "";
			projectRoot = "";
			targets = (
				134AB56828CF723E00535583 /* onBoardingProject */,
				134AB57828CF724100535583 /* onBoardingProjectTests */,
				134AB58228CF724100535583 /* onBoardingProjectUITests */,
			);
		};
/* End PBXProject section */

/* Begin PBXResourcesBuildPhase section */
		134AB56728CF723E00535583 /* Resources */ = {
			isa = PBXResourcesBuildPhase;
			buildActionMask = 2147483647;
			files = (
				134AB57428CF724000535583 /* Preview Assets.xcassets in Resources */,
				134AB57128CF724000535583 /* Assets.xcassets in Resources */,
			);
			runOnlyForDeploymentPostprocessing = 0;
		};
		134AB57728CF724100535583 /* Resources */ = {
			isa = PBXResourcesBuildPhase;
			buildActionMask = 2147483647;
			files = (
			);
			runOnlyForDeploymentPostprocessing = 0;
		};
		134AB58128CF724100535583 /* Resources */ = {
			isa = PBXResourcesBuildPhase;
			buildActionMask = 2147483647;
			files = (
			);
			runOnlyForDeploymentPostprocessing = 0;
		};
/* End PBXResourcesBuildPhase section */

/* Begin PBXSourcesBuildPhase section */
		134AB56528CF723E00535583 /* Sources */ = {
			isa = PBXSourcesBuildPhase;
			buildActionMask = 2147483647;
			files = (
				1393B12528CF80830088066D /* OnboardingView.swift in Sources */,
				1393B12728CF821B0088066D /* OnboardingInfoView.swift in Sources */,
				1393B12928CF89440088066D /* OnboardingManager.swift in Sources */,
				134AB56F28CF723E00535583 /* HomeView.swift in Sources */,
				134AB56D28CF723E00535583 /* onBoardingProjectApp.swift in Sources */,
			);
			runOnlyForDeploymentPostprocessing = 0;
		};
		134AB57528CF724100535583 /* Sources */ = {
			isa = PBXSourcesBuildPhase;
			buildActionMask = 2147483647;
			files = (
				134AB57E28CF724100535583 /* onBoardingProjectTests.swift in Sources */,
			);
			runOnlyForDeploymentPostprocessing = 0;
		};
		134AB57F28CF724100535583 /* Sources */ = {
			isa = PBXSourcesBuildPhase;
			buildActionMask = 2147483647;
			files = (
				134AB58828CF724100535583 /* onBoardingProjectUITests.swift in Sources */,
				134AB58A28CF724100535583 /* onBoardingProjectUITestsLaunchTests.swift in Sources */,
			);
			runOnlyForDeploymentPostprocessing = 0;
		};
/* End PBXSourcesBuildPhase section */

/* Begin PBXTargetDependency section */
		134AB57B28CF724100535583 /* PBXTargetDependency */ = {
			isa = PBXTargetDependency;
			target = 134AB56828CF723E00535583 /* onBoardingProject */;
			targetProxy = 134AB57A28CF724100535583 /* PBXContainerItemProxy */;
		};
		134AB58528CF724100535583 /* PBXTargetDependency */ = {
			isa = PBXTargetDependency;
			target = 134AB56828CF723E00535583 /* onBoardingProject */;
			targetProxy = 134AB58428CF724100535583 /* PBXContainerItemProxy */;
		};
/* End PBXTargetDependency section */

/* Begin XCBuildConfiguration section */
		134AB58B28CF724100535583 /* Debug */ = {
			isa = XCBuildConfiguration;
			buildSettings = {
				ALWAYS_SEARCH_USER_PATHS = NO;
				CLANG_ANALYZER_NONNULL = YES;
				CLANG_ANALYZER_NUMBER_OBJECT_CONVERSION = YES_AGGRESSIVE;
				CLANG_CXX_LANGUAGE_STANDARD = "gnu++17";
				CLANG_CXX_LIBRARY = "libc++";
				CLANG_ENABLE_MODULES = YES;
				CLANG_ENABLE_OBJC_ARC = YES;
				CLANG_ENABLE_OBJC_WEAK = YES;
				CLANG_WARN_BLOCK_CAPTURE_AUTORELEASING = YES;
				CLANG_WARN_BOOL_CONVERSION = YES;
				CLANG_WARN_COMMA = YES;
				CLANG_WARN_CONSTANT_CONVERSION = YES;
				CLANG_WARN_DEPRECATED_OBJC_IMPLEMENTATIONS = YES;
				CLANG_WARN_DIRECT_OBJC_ISA_USAGE = YES_ERROR;
				CLANG_WARN_DOCUMENTATION_COMMENTS = YES;
				CLANG_WARN_EMPTY_BODY = YES;
				CLANG_WARN_ENUM_CONVERSION = YES;
				CLANG_WARN_INFINITE_RECURSION = YES;
				CLANG_WARN_INT_CONVERSION = YES;
				CLANG_WARN_NON_LITERAL_NULL_CONVERSION = YES;
				CLANG_WARN_OBJC_IMPLICIT_RETAIN_SELF = YES;
				CLANG_WARN_OBJC_LITERAL_CONVERSION = YES;
				CLANG_WARN_OBJC_ROOT_CLASS = YES_ERROR;
				CLANG_WARN_QUOTED_INCLUDE_IN_FRAMEWORK_HEADER = YES;
				CLANG_WARN_RANGE_LOOP_ANALYSIS = YES;
				CLANG_WARN_STRICT_PROTOTYPES = YES;
				CLANG_WARN_SUSPICIOUS_MOVE = YES;
				CLANG_WARN_UNGUARDED_AVAILABILITY = YES_AGGRESSIVE;
				CLANG_WARN_UNREACHABLE_CODE = YES;
				CLANG_WARN__DUPLICATE_METHOD_MATCH = YES;
				COPY_PHASE_STRIP = NO;
				DEBUG_INFORMATION_FORMAT = dwarf;
				ENABLE_STRICT_OBJC_MSGSEND = YES;
				ENABLE_TESTABILITY = YES;
				GCC_C_LANGUAGE_STANDARD = gnu11;
				GCC_DYNAMIC_NO_PIC = NO;
				GCC_NO_COMMON_BLOCKS = YES;
				GCC_OPTIMIZATION_LEVEL = 0;
				GCC_PREPROCESSOR_DEFINITIONS = (
					"DEBUG=1",
					"$(inherited)",
				);
				GCC_WARN_64_TO_32_BIT_CONVERSION = YES;
				GCC_WARN_ABOUT_RETURN_TYPE = YES_ERROR;
				GCC_WARN_UNDECLARED_SELECTOR = YES;
				GCC_WARN_UNINITIALIZED_AUTOS = YES_AGGRESSIVE;
				GCC_WARN_UNUSED_FUNCTION = YES;
				GCC_WARN_UNUSED_VARIABLE = YES;
				IPHONEOS_DEPLOYMENT_TARGET = 15.0;
				MTL_ENABLE_DEBUG_INFO = INCLUDE_SOURCE;
				MTL_FAST_MATH = YES;
				ONLY_ACTIVE_ARCH = YES;
				SDKROOT = iphoneos;
				SWIFT_ACTIVE_COMPILATION_CONDITIONS = DEBUG;
				SWIFT_OPTIMIZATION_LEVEL = "-Onone";
			};
			name = Debug;
		};
		134AB58C28CF724100535583 /* Release */ = {
			isa = XCBuildConfiguration;
			buildSettings = {
				ALWAYS_SEARCH_USER_PATHS = NO;
				CLANG_ANALYZER_NONNULL = YES;
				CLANG_ANALYZER_NUMBER_OBJECT_CONVERSION = YES_AGGRESSIVE;
				CLANG_CXX_LANGUAGE_STANDARD = "gnu++17";
				CLANG_CXX_LIBRARY = "libc++";
				CLANG_ENABLE_MODULES = YES;
				CLANG_ENABLE_OBJC_ARC = YES;
				CLANG_ENABLE_OBJC_WEAK = YES;
				CLANG_WARN_BLOCK_CAPTURE_AUTORELEASING = YES;
				CLANG_WARN_BOOL_CONVERSION = YES;
				CLANG_WARN_COMMA = YES;
				CLANG_WARN_CONSTANT_CONVERSION = YES;
				CLANG_WARN_DEPRECATED_OBJC_IMPLEMENTATIONS = YES;
				CLANG_WARN_DIRECT_OBJC_ISA_USAGE = YES_ERROR;
				CLANG_WARN_DOCUMENTATION_COMMENTS = YES;
				CLANG_WARN_EMPTY_BODY = YES;
				CLANG_WARN_ENUM_CONVERSION = YES;
				CLANG_WARN_INFINITE_RECURSION = YES;
				CLANG_WARN_INT_CONVERSION = YES;
				CLANG_WARN_NON_LITERAL_NULL_CONVERSION = YES;
				CLANG_WARN_OBJC_IMPLICIT_RETAIN_SELF = YES;
				CLANG_WARN_OBJC_LITERAL_CONVERSION = YES;
				CLANG_WARN_OBJC_ROOT_CLASS = YES_ERROR;
				CLANG_WARN_QUOTED_INCLUDE_IN_FRAMEWORK_HEADER = YES;
				CLANG_WARN_RANGE_LOOP_ANALYSIS = YES;
				CLANG_WARN_STRICT_PROTOTYPES = YES;
				CLANG_WARN_SUSPICIOUS_MOVE = YES;
				CLANG_WARN_UNGUARDED_AVAILABILITY = YES_AGGRESSIVE;
				CLANG_WARN_UNREACHABLE_CODE = YES;
				CLANG_WARN__DUPLICATE_METHOD_MATCH = YES;
				COPY_PHASE_STRIP = NO;
				DEBUG_INFORMATION_FORMAT = "dwarf-with-dsym";
				ENABLE_NS_ASSERTIONS = NO;
				ENABLE_STRICT_OBJC_MSGSEND = YES;
				GCC_C_LANGUAGE_STANDARD = gnu11;
				GCC_NO_COMMON_BLOCKS = YES;
				GCC_WARN_64_TO_32_BIT_CONVERSION = YES;
				GCC_WARN_ABOUT_RETURN_TYPE = YES_ERROR;
				GCC_WARN_UNDECLARED_SELECTOR = YES;
				GCC_WARN_UNINITIALIZED_AUTOS = YES_AGGRESSIVE;
				GCC_WARN_UNUSED_FUNCTION = YES;
				GCC_WARN_UNUSED_VARIABLE = YES;
				IPHONEOS_DEPLOYMENT_TARGET = 15.0;
				MTL_ENABLE_DEBUG_INFO = NO;
				MTL_FAST_MATH = YES;
				SDKROOT = iphoneos;
				SWIFT_COMPILATION_MODE = wholemodule;
				SWIFT_OPTIMIZATION_LEVEL = "-O";
				VALIDATE_PRODUCT = YES;
			};
			name = Release;
		};
		134AB58E28CF724100535583 /* Debug */ = {
			isa = XCBuildConfiguration;
			buildSettings = {
				ASSETCATALOG_COMPILER_APPICON_NAME = AppIcon;
				ASSETCATALOG_COMPILER_GLOBAL_ACCENT_COLOR_NAME = AccentColor;
				CODE_SIGN_STYLE = Automatic;
				CURRENT_PROJECT_VERSION = 1;
				DEVELOPMENT_ASSET_PATHS = "\"onBoardingProject/Preview Content\"";
				DEVELOPMENT_TEAM = UJR5WV24MA;
				ENABLE_PREVIEWS = YES;
				GENERATE_INFOPLIST_FILE = YES;
				INFOPLIST_KEY_UIApplicationSceneManifest_Generation = YES;
				INFOPLIST_KEY_UIApplicationSupportsIndirectInputEvents = YES;
				INFOPLIST_KEY_UILaunchScreen_Generation = YES;
				INFOPLIST_KEY_UISupportedInterfaceOrientations_iPad = "UIInterfaceOrientationPortrait UIInterfaceOrientationPortraitUpsideDown UIInterfaceOrientationLandscapeLeft UIInterfaceOrientationLandscapeRight";
				INFOPLIST_KEY_UISupportedInterfaceOrientations_iPhone = "UIInterfaceOrientationPortrait UIInterfaceOrientationLandscapeLeft UIInterfaceOrientationLandscapeRight";
				LD_RUNPATH_SEARCH_PATHS = (
					"$(inherited)",
					"@executable_path/Frameworks",
				);
				MARKETING_VERSION = 1.0;
				PRODUCT_BUNDLE_IDENTIFIER = se.iths.onBoardingProject;
				PRODUCT_NAME = "$(TARGET_NAME)";
				SWIFT_EMIT_LOC_STRINGS = YES;
				SWIFT_VERSION = 5.0;
				TARGETED_DEVICE_FAMILY = "1,2";
			};
			name = Debug;
		};
		134AB58F28CF724100535583 /* Release */ = {
			isa = XCBuildConfiguration;
			buildSettings = {
				ASSETCATALOG_COMPILER_APPICON_NAME = AppIcon;
				ASSETCATALOG_COMPILER_GLOBAL_ACCENT_COLOR_NAME = AccentColor;
				CODE_SIGN_STYLE = Automatic;
				CURRENT_PROJECT_VERSION = 1;
				DEVELOPMENT_ASSET_PATHS = "\"onBoardingProject/Preview Content\"";
				DEVELOPMENT_TEAM = UJR5WV24MA;
				ENABLE_PREVIEWS = YES;
				GENERATE_INFOPLIST_FILE = YES;
				INFOPLIST_KEY_UIApplicationSceneManifest_Generation = YES;
				INFOPLIST_KEY_UIApplicationSupportsIndirectInputEvents = YES;
				INFOPLIST_KEY_UILaunchScreen_Generation = YES;
				INFOPLIST_KEY_UISupportedInterfaceOrientations_iPad = "UIInterfaceOrientationPortrait UIInterfaceOrientationPortraitUpsideDown UIInterfaceOrientationLandscapeLeft UIInterfaceOrientationLandscapeRight";
				INFOPLIST_KEY_UISupportedInterfaceOrientations_iPhone = "UIInterfaceOrientationPortrait UIInterfaceOrientationLandscapeLeft UIInterfaceOrientationLandscapeRight";
				LD_RUNPATH_SEARCH_PATHS = (
					"$(inherited)",
					"@executable_path/Frameworks",
				);
				MARKETING_VERSION = 1.0;
				PRODUCT_BUNDLE_IDENTIFIER = se.iths.onBoardingProject;
				PRODUCT_NAME = "$(TARGET_NAME)";
				SWIFT_EMIT_LOC_STRINGS = YES;
				SWIFT_VERSION = 5.0;
				TARGETED_DEVICE_FAMILY = "1,2";
			};
			name = Release;
		};
		134AB59128CF724100535583 /* Debug */ = {
			isa = XCBuildConfiguration;
			buildSettings = {
				ALWAYS_EMBED_SWIFT_STANDARD_LIBRARIES = YES;
				BUNDLE_LOADER = "$(TEST_HOST)";
				CODE_SIGN_STYLE = Automatic;
				CURRENT_PROJECT_VERSION = 1;
				DEVELOPMENT_TEAM = UJR5WV24MA;
				GENERATE_INFOPLIST_FILE = YES;
				IPHONEOS_DEPLOYMENT_TARGET = 15.0;
				LD_RUNPATH_SEARCH_PATHS = (
					"$(inherited)",
					"@executable_path/Frameworks",
					"@loader_path/Frameworks",
				);
				MARKETING_VERSION = 1.0;
				PRODUCT_BUNDLE_IDENTIFIER = se.iths.onBoardingProjectTests;
				PRODUCT_NAME = "$(TARGET_NAME)";
				SWIFT_EMIT_LOC_STRINGS = NO;
				SWIFT_VERSION = 5.0;
				TARGETED_DEVICE_FAMILY = "1,2";
				TEST_HOST = "$(BUILT_PRODUCTS_DIR)/onBoardingProject.app/onBoardingProject";
			};
			name = Debug;
		};
		134AB59228CF724100535583 /* Release */ = {
			isa = XCBuildConfiguration;
			buildSettings = {
				ALWAYS_EMBED_SWIFT_STANDARD_LIBRARIES = YES;
				BUNDLE_LOADER = "$(TEST_HOST)";
				CODE_SIGN_STYLE = Automatic;
				CURRENT_PROJECT_VERSION = 1;
				DEVELOPMENT_TEAM = UJR5WV24MA;
				GENERATE_INFOPLIST_FILE = YES;
				IPHONEOS_DEPLOYMENT_TARGET = 15.0;
				LD_RUNPATH_SEARCH_PATHS = (
					"$(inherited)",
					"@executable_path/Frameworks",
					"@loader_path/Frameworks",
				);
				MARKETING_VERSION = 1.0;
				PRODUCT_BUNDLE_IDENTIFIER = se.iths.onBoardingProjectTests;
				PRODUCT_NAME = "$(TARGET_NAME)";
				SWIFT_EMIT_LOC_STRINGS = NO;
				SWIFT_VERSION = 5.0;
				TARGETED_DEVICE_FAMILY = "1,2";
				TEST_HOST = "$(BUILT_PRODUCTS_DIR)/onBoardingProject.app/onBoardingProject";
			};
			name = Release;
		};
		134AB59428CF724100535583 /* Debug */ = {
			isa = XCBuildConfiguration;
			buildSettings = {
				ALWAYS_EMBED_SWIFT_STANDARD_LIBRARIES = YES;
				CODE_SIGN_STYLE = Automatic;
				CURRENT_PROJECT_VERSION = 1;
				DEVELOPMENT_TEAM = UJR5WV24MA;
				GENERATE_INFOPLIST_FILE = YES;
				LD_RUNPATH_SEARCH_PATHS = (
					"$(inherited)",
					"@executable_path/Frameworks",
					"@loader_path/Frameworks",
				);
				MARKETING_VERSION = 1.0;
				PRODUCT_BUNDLE_IDENTIFIER = se.iths.onBoardingProjectUITests;
				PRODUCT_NAME = "$(TARGET_NAME)";
				SWIFT_EMIT_LOC_STRINGS = NO;
				SWIFT_VERSION = 5.0;
				TARGETED_DEVICE_FAMILY = "1,2";
				TEST_TARGET_NAME = onBoardingProject;
			};
			name = Debug;
		};
		134AB59528CF724100535583 /* Release */ = {
			isa = XCBuildConfiguration;
			buildSettings = {
				ALWAYS_EMBED_SWIFT_STANDARD_LIBRARIES = YES;
				CODE_SIGN_STYLE = Automatic;
				CURRENT_PROJECT_VERSION = 1;
				DEVELOPMENT_TEAM = UJR5WV24MA;
				GENERATE_INFOPLIST_FILE = YES;
				LD_RUNPATH_SEARCH_PATHS = (
					"$(inherited)",
					"@executable_path/Frameworks",
					"@loader_path/Frameworks",
				);
				MARKETING_VERSION = 1.0;
				PRODUCT_BUNDLE_IDENTIFIER = se.iths.onBoardingProjectUITests;
				PRODUCT_NAME = "$(TARGET_NAME)";
				SWIFT_EMIT_LOC_STRINGS = NO;
				SWIFT_VERSION = 5.0;
				TARGETED_DEVICE_FAMILY = "1,2";
				TEST_TARGET_NAME = onBoardingProject;
			};
			name = Release;
		};
/* End XCBuildConfiguration section */

/* Begin XCConfigurationList section */
		134AB56428CF723E00535583 /* Build configuration list for PBXProject "onBoardingProject" */ = {
			isa = XCConfigurationList;
			buildConfigurations = (
				134AB58B28CF724100535583 /* Debug */,
				134AB58C28CF724100535583 /* Release */,
			);
			defaultConfigurationIsVisible = 0;
			defaultConfigurationName = Release;
		};
		134AB58D28CF724100535583 /* Build configuration list for PBXNativeTarget "onBoardingProject" */ = {
			isa = XCConfigurationList;
			buildConfigurations = (
				134AB58E28CF724100535583 /* Debug */,
				134AB58F28CF724100535583 /* Release */,
			);
			defaultConfigurationIsVisible = 0;
			defaultConfigurationName = Release;
		};
		134AB59028CF724100535583 /* Build configuration list for PBXNativeTarget "onBoardingProjectTests" */ = {
			isa = XCConfigurationList;
			buildConfigurations = (
				134AB59128CF724100535583 /* Debug */,
				134AB59228CF724100535583 /* Release */,
			);
			defaultConfigurationIsVisible = 0;
			defaultConfigurationName = Release;
		};
		134AB59328CF724100535583 /* Build configuration list for PBXNativeTarget "onBoardingProjectUITests" */ = {
			isa = XCConfigurationList;
			buildConfigurations = (
				134AB59428CF724100535583 /* Debug */,
				134AB59528CF724100535583 /* Release */,
			);
			defaultConfigurationIsVisible = 0;
			defaultConfigurationName = Release;
		};
/* End XCConfigurationList section */
	};
	rootObject = 134AB56128CF723E00535583 /* Project object */;
}
